{
  "name": "KBTU_2020_Spring_Web",
  "lockfileVersion": 2,
  "requires": true,
  "packages": {
    "": {
      "dependencies": {
        "screenfull": "^3.3.0"
      }
    },
    "node_modules/screenfull": {
      "version": "3.3.0",
      "resolved": "https://registry.npmjs.org/screenfull/-/screenfull-3.3.0.tgz",
      "integrity": "sha512-skdxtf9lFzgmZ1dRZuxPo2SfFiQJDWVeJYcsYhEMA3duZ5Q+Wj50iRbJy6nbBn0aY2iyCv/sRi+vp+5u9IfK7g==",
      "engines": {
        "node": ">=0.10.0"
      }
    }
  },
  "dependencies": {
    "screenfull": {
      "version": "3.3.0",
      "resolved": "https://registry.npmjs.org/screenfull/-/screenfull-3.3.0.tgz",
      "integrity": "sha512-skdxtf9lFzgmZ1dRZuxPo2SfFiQJDWVeJYcsYhEMA3duZ5Q+Wj50iRbJy6nbBn0aY2iyCv/sRi+vp+5u9IfK7g=="
    }
  }
}
